
Microsoft Visual Studio Solution File, Format Version 12.00
# Visual Studio Version 16
VisualStudioVersion = 16.0.29519.87
MinimumVisualStudioVersion = 10.0.40219.1
Project("{FAE04EC0-301F-11D3-BF4B-00C04F79EFBC}") = "AdventOfCode", "Day1\AdventOfCode.csproj", "{B2BFF346-FF36-465E-A5D3-6BF9598FA496}"
EndProject
Global
	GlobalSection(SolutionConfigurationPlatforms) = preSolution
		Debug|Any CPU = Debug|Any CPU
		Release|Any CPU = Release|Any CPU
	EndGlobalSection
	GlobalSection(ProjectConfigurationPlatforms) = postSolution
		{B2BFF346-FF36-465E-A5D3-6BF9598FA496}.Debug|Any CPU.ActiveCfg = Debug|Any CPU
		{B2BFF346-FF36-465E-A5D3-6BF9598FA496}.Debug|Any CPU.Build.0 = Debug|Any CPU
		{B2BFF346-FF36-465E-A5D3-6BF9598FA496}.Release|Any CPU.ActiveCfg = Release|Any CPU
		{B2BFF346-FF36-465E-A5D3-6BF9598FA496}.Release|Any CPU.Build.0 = Release|Any CPU
	EndGlobalSection
	GlobalSection(SolutionProperties) = preSolution
		HideSolutionNode = FALSE
	EndGlobalSection
	GlobalSection(ExtensibilityGlobals) = postSolution
		SolutionGuid = {E36D1658-C713-4270-AD35-1C6B982B79EA}
	EndGlobalSection
EndGlobal
